PODS:
  - Kingfisher (3.2.0)
  - Nimble (5.1.1)
  - Quick (0.10.0)

DEPENDENCIES:
  - Kingfisher
  - Nimble
  - Quick

SPEC CHECKSUMS:
  Kingfisher: 50407d1d5dbc34965009d425a286342ff36a84ea
  Nimble: 415e3aa3267e7bc2c96b05fa814ddea7bb686a29
  Quick: 5d290df1c69d5ee2f0729956dcf0fd9a30447eaa

PODFILE CHECKSUM: c91717445d4dd87193fdee4d6ffb13a28b8b9cae

COCOAPODS: 1.1.1
