// !$*UTF8*$!
{
	archiveVersion = 1;
	classes = {
	};
	objectVersion = 46;
	objects = {

/* Begin PBXBuildFile section */
		1699F33111882F0B0E8E1245 /* Pods_soundcloudql_swift.framework in Frameworks */ = {isa = PBXBuildFile; fileRef = 455FA149825439F16E8DC64E /* Pods_soundcloudql_swift.framework */; };
		62794A16C600772F8DDE5B14 /* Pods_soundcloudql_swiftTests.framework in Frameworks */ = {isa = PBXBuildFile; fileRef = CADF51EA26512D32948B714D /* Pods_soundcloudql_swiftTests.framework */; };
		9FD5B0138D82E1CDA0E70AC8 /* FollowersCollection.swift in Sources */ = {isa = PBXBuildFile; fileRef = 9FD5B18A15CD4D122A6037CB /* FollowersCollection.swift */; };
		9FD5B028D692B2861D847564 /* liked_tracks.graphql in Resources */ = {isa = PBXBuildFile; fileRef = 9FD5B119ADD9DBD84EA56EE9 /* liked_tracks.graphql */; };
		9FD5B0E5B751E7274F07F6BF /* PlaylistTableViewCell.swift in Sources */ = {isa = PBXBuildFile; fileRef = 9FD5B244B6EFA770A01358C9 /* PlaylistTableViewCell.swift */; };
		9FD5B2353E88AB4EBB99D5CF /* ProfileTableViewController.swift in Sources */ = {isa = PBXBuildFile; fileRef = 9FD5BD2661F65F03F3C3ED6E /* ProfileTableViewController.swift */; };
		9FD5B23743A983C2882BCB9E /* posted_playlists.graphql in Resources */ = {isa = PBXBuildFile; fileRef = 9FD5B6AB34D4E855F11E8DCD /* posted_playlists.graphql */; };
		9FD5B2402535A88EE4CD3106 /* PostedTracksCollection.swift in Sources */ = {isa = PBXBuildFile; fileRef = 9FD5BE82C1FA8425F2F1A6E0 /* PostedTracksCollection.swift */; };
		9FD5B27E45BCF446B7B16168 /* PostedTracks.swift in Sources */ = {isa = PBXBuildFile; fileRef = 9FD5B824BF38B02EA0216EBC /* PostedTracks.swift */; };
		9FD5B2D3601BF4705BBC1AF1 /* UserTableViewCell.swift in Sources */ = {isa = PBXBuildFile; fileRef = 9FD5B1FF80C0AD9735D1733A /* UserTableViewCell.swift */; };
		9FD5B379CD1C6D47B36265A4 /* PostedPlaylistsCoordinator.swift in Sources */ = {isa = PBXBuildFile; fileRef = 9FD5B037B999000E620B422D /* PostedPlaylistsCoordinator.swift */; };
		9FD5B4438B9F351BB6E96B87 /* AppCoordinator.swift in Sources */ = {isa = PBXBuildFile; fileRef = 9FD5BF88F4A2402972CF436F /* AppCoordinator.swift */; };
		9FD5B46DBD321CD738C7A847 /* Profile.swift in Sources */ = {isa = PBXBuildFile; fileRef = 9FD5B3AE31247892AB253C53 /* Profile.swift */; };
		9FD5B483F3494F7A09E2DAEF /* TestCoordinatorDelegate.swift in Sources */ = {isa = PBXBuildFile; fileRef = 9FD5BE88340FF02753D1F761 /* TestCoordinatorDelegate.swift */; };
		9FD5B55C7AC0B6D3CE7E5916 /* LikedTracksCoordinator.swift in Sources */ = {isa = PBXBuildFile; fileRef = 9FD5B1A67F005EEB119C5A42 /* LikedTracksCoordinator.swift */; };
		9FD5B5D8CA5369BF1C8A3AD8 /* playlist.graphql in Resources */ = {isa = PBXBuildFile; fileRef = 9FD5B04616AB8D666FF17351 /* playlist.graphql */; };
		9FD5B6048EE8ED1E630F6AA5 /* FollowersCoordinator.swift in Sources */ = {isa = PBXBuildFile; fileRef = 9FD5B0BB6AA8228A5A72C197 /* FollowersCoordinator.swift */; };
		9FD5B6341009A373E6F8A5F2 /* TrackTableViewCell.xib in Resources */ = {isa = PBXBuildFile; fileRef = 9FD5B90249B8AB384813D210 /* TrackTableViewCell.xib */; };
		9FD5B634990A7DC8F6507924 /* FollowingsCoordinator.swift in Sources */ = {isa = PBXBuildFile; fileRef = 9FD5BB363165D2CEB92A0F58 /* FollowingsCoordinator.swift */; };
		9FD5B637E1F3C61A7F417479 /* NetworkActivity.swift in Sources */ = {isa = PBXBuildFile; fileRef = 9FD5B4948C44E331217AE910 /* NetworkActivity.swift */; };
		9FD5B63CDBF34038A333E960 /* Environment.swift in Sources */ = {isa = PBXBuildFile; fileRef = 9FD5B866B412859B4898F4FB /* Environment.swift */; };
		9FD5B67E9D5346E39F046A8A /* posted_tracks.graphql in Resources */ = {isa = PBXBuildFile; fileRef = 9FD5B494E8F63986540DBAC0 /* posted_tracks.graphql */; };
		9FD5B697BA2E5647E9E8C365 /* BigUserTableViewCell.xib in Resources */ = {isa = PBXBuildFile; fileRef = 9FD5BF32B8C67A75BD3DBB18 /* BigUserTableViewCell.xib */; };
		9FD5B6AABD481BB31AF3A5AE /* BigUserTableViewCell.swift in Sources */ = {isa = PBXBuildFile; fileRef = 9FD5B42C28A3E00B03C4CA09 /* BigUserTableViewCell.swift */; };
		9FD5B6B131C9DA6164CEDE00 /* PostedPlaylists.swift in Sources */ = {isa = PBXBuildFile; fileRef = 9FD5B968744EBBCE5592658D /* PostedPlaylists.swift */; };
		9FD5B73BA27FD28B74A4711D /* RequestFactory.swift in Sources */ = {isa = PBXBuildFile; fileRef = 9FD5B8C076C29E9E728666A2 /* RequestFactory.swift */; };
		9FD5B762DDC5E1262D9CFB53 /* TrackTableViewCell.swift in Sources */ = {isa = PBXBuildFile; fileRef = 9FD5B1400AEBE25BCB160CE8 /* TrackTableViewCell.swift */; };
		9FD5B7FAFF7F517AF9D0ED36 /* Coordinator.swift in Sources */ = {isa = PBXBuildFile; fileRef = 9FD5BE3C25B741AF3345FB88 /* Coordinator.swift */; };
		9FD5B8511AC1AA30DFA2BF93 /* PlaylistTracks.swift in Sources */ = {isa = PBXBuildFile; fileRef = 9FD5BFB5E64E237287691A2A /* PlaylistTracks.swift */; };
		9FD5B868CB29D6D3823851A7 /* ProfileCoordinatorSpec.swift in Sources */ = {isa = PBXBuildFile; fileRef = 9FD5BBCFE55151C7BF88CBAA /* ProfileCoordinatorSpec.swift */; };
		9FD5B88D83DCF4CFD2F2F9FF /* AppDelegate.swift in Sources */ = {isa = PBXBuildFile; fileRef = 9FD5B606DD49330528B32028 /* AppDelegate.swift */; };
		9FD5B8928E61D7B402FA33F8 /* GraphQLCollectionEngine.swift in Sources */ = {isa = PBXBuildFile; fileRef = 9FD5B7C100C34CDA16F2CF4B /* GraphQLCollectionEngine.swift */; };
		9FD5B8F88409C0A7CADAE3C9 /* BigPlaylistTableViewCell.swift in Sources */ = {isa = PBXBuildFile; fileRef = 9FD5B4CB82D58ACE21A10DA1 /* BigPlaylistTableViewCell.swift */; };
		9FD5B90F4BB1F9AD12DB2BC8 /* ApiController.swift in Sources */ = {isa = PBXBuildFile; fileRef = 9FD5B8E16EC6DE899D7FCDB2 /* ApiController.swift */; };
		9FD5B91430F5EDD8B490E4E3 /* PostedTracksCoordinator.swift in Sources */ = {isa = PBXBuildFile; fileRef = 9FD5B8881E7DC513B3283235 /* PostedTracksCoordinator.swift */; };
		9FD5B9E7EC9CED3F425FAA82 /* Followers.swift in Sources */ = {isa = PBXBuildFile; fileRef = 9FD5B850328403AC2EDBD52C /* Followers.swift */; };
		9FD5BAB1B7876ABEDD7A8230 /* profile.graphql in Resources */ = {isa = PBXBuildFile; fileRef = 9FD5B886228A4B7D57E98F0F /* profile.graphql */; };
		9FD5BAE314CB8BCC5D70445E /* query.graphql in Resources */ = {isa = PBXBuildFile; fileRef = 9FD5B4D8FAB80E43B514CB43 /* query.graphql */; };
		9FD5BB0202A7A3C8CE55AA95 /* Playlist.swift in Sources */ = {isa = PBXBuildFile; fileRef = 9FD5BEB234A899CA5F830FB3 /* Playlist.swift */; };
		9FD5BB309768A34F7D46E566 /* LikedTracksCollection.swift in Sources */ = {isa = PBXBuildFile; fileRef = 9FD5B41C969D5997521231F2 /* LikedTracksCollection.swift */; };
		9FD5BB4928ABB8E8F46994F1 /* EnvironmentSpec.swift in Sources */ = {isa = PBXBuildFile; fileRef = 9FD5B5A75F2423AAA98C6D70 /* EnvironmentSpec.swift */; };
		9FD5BB8ECD0AF2BA3621CA14 /* PostedPlaylistsCollection.swift in Sources */ = {isa = PBXBuildFile; fileRef = 9FD5B9E803D7470D4C247932 /* PostedPlaylistsCollection.swift */; };
		9FD5BC3D1A5265B9688408D1 /* playlist_tracks.graphql in Resources */ = {isa = PBXBuildFile; fileRef = 9FD5BBB23B5933758B42A250 /* playlist_tracks.graphql */; };
		9FD5BC47B52D3F42EFC37E19 /* followings.graphql in Resources */ = {isa = PBXBuildFile; fileRef = 9FD5B3E429F44A27C448B00F /* followings.graphql */; };
		9FD5BCC2536F14FF08372CE6 /* RenderableCell.swift in Sources */ = {isa = PBXBuildFile; fileRef = 9FD5B1FF9F8B82659625E86B /* RenderableCell.swift */; };
		9FD5BCFF29D06FBC04FCD7D1 /* PlaylistCoordinator.swift in Sources */ = {isa = PBXBuildFile; fileRef = 9FD5BCBC52B01D81364FA1E4 /* PlaylistCoordinator.swift */; };
		9FD5BD542F48AA674F5A0D1C /* RequestFactorySpec.swift in Sources */ = {isa = PBXBuildFile; fileRef = 9FD5BE7DF139A759DB44ED0B /* RequestFactorySpec.swift */; };
		9FD5BD54A5F952F3787E150B /* AppCoordinatorSpec.swift in Sources */ = {isa = PBXBuildFile; fileRef = 9FD5B9AD248F5B0C74C36DB8 /* AppCoordinatorSpec.swift */; };
		9FD5BD98E55316F85A9BFD63 /* GraphQLQueryResolverSpec.swift in Sources */ = {isa = PBXBuildFile; fileRef = 9FD5BC51656D98FBACB569A2 /* GraphQLQueryResolverSpec.swift */; };
		9FD5BDBCA78F8CF6F286A8F9 /* ApiControllerSpec.swift in Sources */ = {isa = PBXBuildFile; fileRef = 9FD5B519F741B2491EB205BC /* ApiControllerSpec.swift */; };
		9FD5BDFE780281AC01C0DB12 /* PlaylistTableViewController.swift in Sources */ = {isa = PBXBuildFile; fileRef = 9FD5BAEC391926C87AC0F87D /* PlaylistTableViewController.swift */; };
		9FD5BE0FE859E50B351E04BF /* GraphQLQuery.swift in Sources */ = {isa = PBXBuildFile; fileRef = 9FD5BB62C1F1E6227F27FC33 /* GraphQLQuery.swift */; };
		9FD5BE2AB00542E411ADF947 /* FollowingsCollection.swift in Sources */ = {isa = PBXBuildFile; fileRef = 9FD5B452C29D7A30196E1381 /* FollowingsCollection.swift */; };
		9FD5BE3581680A4763BA031C /* main.swift in Sources */ = {isa = PBXBuildFile; fileRef = 9FD5BDFBA311E65A466E89CE /* main.swift */; };
		9FD5BEC86CCCA1A3A1937479 /* CollectionTableViewController.swift in Sources */ = {isa = PBXBuildFile; fileRef = 9FD5B97432706B453A9347F5 /* CollectionTableViewController.swift */; };
		9FD5BEFD9F7A19C7381A9AEE /* LikedTracks.swift in Sources */ = {isa = PBXBuildFile; fileRef = 9FD5BFFA3A55C22A79C4A9F8 /* LikedTracks.swift */; };
		9FD5BF269351C035C551B79C /* GraphQLQueryResolver.swift in Sources */ = {isa = PBXBuildFile; fileRef = 9FD5BB745E53893A350B407C /* GraphQLQueryResolver.swift */; };
		9FD5BFB2801109AAD95512DE /* followers.graphql in Resources */ = {isa = PBXBuildFile; fileRef = 9FD5BE0C8961FC8151CFF6DA /* followers.graphql */; };
		9FD5BFD51D338175F26C1759 /* ProfileCoordinator.swift in Sources */ = {isa = PBXBuildFile; fileRef = 9FD5BE5E2A900A54A5A72576 /* ProfileCoordinator.swift */; };
		9FD5BFE25864B3CCC7FC1E5F /* Followings.swift in Sources */ = {isa = PBXBuildFile; fileRef = 9FD5B2F3E1896809C2241BC6 /* Followings.swift */; };
		EB3F85991C8B286200E5F0AC /* Environment.plist in Resources */ = {isa = PBXBuildFile; fileRef = EB3F85981C8B286200E5F0AC /* Environment.plist */; };
		EB3F859B1C8B2A4900E5F0AC /* Environment.plist in Resources */ = {isa = PBXBuildFile; fileRef = EB3F859A1C8B2A4900E5F0AC /* Environment.plist */; };
		EB3F85AB1C958A0D00E5F0AC /* PlaylistTableViewCell.xib in Resources */ = {isa = PBXBuildFile; fileRef = EB3F85AA1C958A0D00E5F0AC /* PlaylistTableViewCell.xib */; };
		EB3F85AD1C95A3C600E5F0AC /* UserTableViewCell.xib in Resources */ = {isa = PBXBuildFile; fileRef = EB3F85AC1C95A3C600E5F0AC /* UserTableViewCell.xib */; };
		EB3F85AF1C95C79600E5F0AC /* BigPlaylistTableViewCell.xib in Resources */ = {isa = PBXBuildFile; fileRef = EB3F85AE1C95C79600E5F0AC /* BigPlaylistTableViewCell.xib */; };
		EB80F2DA1C8B0C9A00E7C7DD /* ViewController.swift in Sources */ = {isa = PBXBuildFile; fileRef = EB80F2D91C8B0C9A00E7C7DD /* ViewController.swift */; };
		EB80F2DF1C8B0C9A00E7C7DD /* Assets.xcassets in Resources */ = {isa = PBXBuildFile; fileRef = EB80F2DE1C8B0C9A00E7C7DD /* Assets.xcassets */; };
		EB80F2E21C8B0C9A00E7C7DD /* LaunchScreen.storyboard in Resources */ = {isa = PBXBuildFile; fileRef = EB80F2E01C8B0C9A00E7C7DD /* LaunchScreen.storyboard */; };
		EB80F2F81C8B0C9A00E7C7DD /* soundcloudql_swiftUITests.swift in Sources */ = {isa = PBXBuildFile; fileRef = EB80F2F71C8B0C9A00E7C7DD /* soundcloudql_swiftUITests.swift */; };
/* End PBXBuildFile section */

/* Begin PBXContainerItemProxy section */
		EB80F2E91C8B0C9A00E7C7DD /* PBXContainerItemProxy */ = {
			isa = PBXContainerItemProxy;
			containerPortal = EB80F2CC1C8B0C9A00E7C7DD /* Project object */;
			proxyType = 1;
			remoteGlobalIDString = EB80F2D31C8B0C9A00E7C7DD;
			remoteInfo = "soundcloudql-swift";
		};
		EB80F2F41C8B0C9A00E7C7DD /* PBXContainerItemProxy */ = {
			isa = PBXContainerItemProxy;
			containerPortal = EB80F2CC1C8B0C9A00E7C7DD /* Project object */;
			proxyType = 1;
			remoteGlobalIDString = EB80F2D31C8B0C9A00E7C7DD;
			remoteInfo = "soundcloudql-swift";
		};
/* End PBXContainerItemProxy section */

/* Begin PBXFileReference section */
		0992327D8E584DDC0CE261F2 /* Pods-soundcloudql-swiftTests.debug.xcconfig */ = {isa = PBXFileReference; includeInIndex = 1; lastKnownFileType = text.xcconfig; name = "Pods-soundcloudql-swiftTests.debug.xcconfig"; path = "Pods/Target Support Files/Pods-soundcloudql-swiftTests/Pods-soundcloudql-swiftTests.debug.xcconfig"; sourceTree = "<group>"; };
		3470501CC60AE2E7FE80DF6F /* Pods-soundcloudql-swiftTests.release.xcconfig */ = {isa = PBXFileReference; includeInIndex = 1; lastKnownFileType = text.xcconfig; name = "Pods-soundcloudql-swiftTests.release.xcconfig"; path = "Pods/Target Support Files/Pods-soundcloudql-swiftTests/Pods-soundcloudql-swiftTests.release.xcconfig"; sourceTree = "<group>"; };
		455FA149825439F16E8DC64E /* Pods_soundcloudql_swift.framework */ = {isa = PBXFileReference; explicitFileType = wrapper.framework; includeInIndex = 0; path = Pods_soundcloudql_swift.framework; sourceTree = BUILT_PRODUCTS_DIR; };
		59C63ADEBD34683D91A58BE3 /* Pods-soundcloudql-swift.debug.xcconfig */ = {isa = PBXFileReference; includeInIndex = 1; lastKnownFileType = text.xcconfig; name = "Pods-soundcloudql-swift.debug.xcconfig"; path = "Pods/Target Support Files/Pods-soundcloudql-swift/Pods-soundcloudql-swift.debug.xcconfig"; sourceTree = "<group>"; };
		87D2F3052DEA78C166E6DC9A /* Pods-soundcloudql-swift.release.xcconfig */ = {isa = PBXFileReference; includeInIndex = 1; lastKnownFileType = text.xcconfig; name = "Pods-soundcloudql-swift.release.xcconfig"; path = "Pods/Target Support Files/Pods-soundcloudql-swift/Pods-soundcloudql-swift.release.xcconfig"; sourceTree = "<group>"; };
		9FD5B037B999000E620B422D /* PostedPlaylistsCoordinator.swift */ = {isa = PBXFileReference; fileEncoding = 4; lastKnownFileType = sourcecode.swift; path = PostedPlaylistsCoordinator.swift; sourceTree = "<group>"; };
		9FD5B04616AB8D666FF17351 /* playlist.graphql */ = {isa = PBXFileReference; lastKnownFileType = file.graphql; path = playlist.graphql; sourceTree = "<group>"; };
		9FD5B0BB6AA8228A5A72C197 /* FollowersCoordinator.swift */ = {isa = PBXFileReference; fileEncoding = 4; lastKnownFileType = sourcecode.swift; path = FollowersCoordinator.swift; sourceTree = "<group>"; };
		9FD5B119ADD9DBD84EA56EE9 /* liked_tracks.graphql */ = {isa = PBXFileReference; lastKnownFileType = file.graphql; path = liked_tracks.graphql; sourceTree = "<group>"; };
		9FD5B1400AEBE25BCB160CE8 /* TrackTableViewCell.swift */ = {isa = PBXFileReference; fileEncoding = 4; lastKnownFileType = sourcecode.swift; path = TrackTableViewCell.swift; sourceTree = "<group>"; };
		9FD5B18A15CD4D122A6037CB /* FollowersCollection.swift */ = {isa = PBXFileReference; fileEncoding = 4; lastKnownFileType = sourcecode.swift; path = FollowersCollection.swift; sourceTree = "<group>"; };
		9FD5B1A67F005EEB119C5A42 /* LikedTracksCoordinator.swift */ = {isa = PBXFileReference; fileEncoding = 4; lastKnownFileType = sourcecode.swift; path = LikedTracksCoordinator.swift; sourceTree = "<group>"; };
		9FD5B1FF80C0AD9735D1733A /* UserTableViewCell.swift */ = {isa = PBXFileReference; fileEncoding = 4; lastKnownFileType = sourcecode.swift; path = UserTableViewCell.swift; sourceTree = "<group>"; };
		9FD5B1FF9F8B82659625E86B /* RenderableCell.swift */ = {isa = PBXFileReference; fileEncoding = 4; lastKnownFileType = sourcecode.swift; path = RenderableCell.swift; sourceTree = "<group>"; };
		9FD5B244B6EFA770A01358C9 /* PlaylistTableViewCell.swift */ = {isa = PBXFileReference; fileEncoding = 4; lastKnownFileType = sourcecode.swift; path = PlaylistTableViewCell.swift; sourceTree = "<group>"; };
		9FD5B2F3E1896809C2241BC6 /* Followings.swift */ = {isa = PBXFileReference; fileEncoding = 4; lastKnownFileType = sourcecode.swift; path = Followings.swift; sourceTree = "<group>"; };
		9FD5B3AE31247892AB253C53 /* Profile.swift */ = {isa = PBXFileReference; fileEncoding = 4; lastKnownFileType = sourcecode.swift; path = Profile.swift; sourceTree = "<group>"; };
		9FD5B3E429F44A27C448B00F /* followings.graphql */ = {isa = PBXFileReference; lastKnownFileType = file.graphql; path = followings.graphql; sourceTree = "<group>"; };
		9FD5B41C969D5997521231F2 /* LikedTracksCollection.swift */ = {isa = PBXFileReference; fileEncoding = 4; lastKnownFileType = sourcecode.swift; path = LikedTracksCollection.swift; sourceTree = "<group>"; };
		9FD5B42C28A3E00B03C4CA09 /* BigUserTableViewCell.swift */ = {isa = PBXFileReference; fileEncoding = 4; lastKnownFileType = sourcecode.swift; path = BigUserTableViewCell.swift; sourceTree = "<group>"; };
		9FD5B452C29D7A30196E1381 /* FollowingsCollection.swift */ = {isa = PBXFileReference; fileEncoding = 4; lastKnownFileType = sourcecode.swift; path = FollowingsCollection.swift; sourceTree = "<group>"; };
		9FD5B4948C44E331217AE910 /* NetworkActivity.swift */ = {isa = PBXFileReference; fileEncoding = 4; lastKnownFileType = sourcecode.swift; path = NetworkActivity.swift; sourceTree = "<group>"; };
		9FD5B494E8F63986540DBAC0 /* posted_tracks.graphql */ = {isa = PBXFileReference; lastKnownFileType = file.graphql; path = posted_tracks.graphql; sourceTree = "<group>"; };
		9FD5B4CB82D58ACE21A10DA1 /* BigPlaylistTableViewCell.swift */ = {isa = PBXFileReference; fileEncoding = 4; lastKnownFileType = sourcecode.swift; path = BigPlaylistTableViewCell.swift; sourceTree = "<group>"; };
		9FD5B4D8FAB80E43B514CB43 /* query.graphql */ = {isa = PBXFileReference; lastKnownFileType = file.graphql; path = query.graphql; sourceTree = "<group>"; };
		9FD5B519F741B2491EB205BC /* ApiControllerSpec.swift */ = {isa = PBXFileReference; fileEncoding = 4; lastKnownFileType = sourcecode.swift; path = ApiControllerSpec.swift; sourceTree = "<group>"; };
		9FD5B5A75F2423AAA98C6D70 /* EnvironmentSpec.swift */ = {isa = PBXFileReference; fileEncoding = 4; lastKnownFileType = sourcecode.swift; path = EnvironmentSpec.swift; sourceTree = "<group>"; };
		9FD5B606DD49330528B32028 /* AppDelegate.swift */ = {isa = PBXFileReference; fileEncoding = 4; lastKnownFileType = sourcecode.swift; path = AppDelegate.swift; sourceTree = "<group>"; };
		9FD5B6AB34D4E855F11E8DCD /* posted_playlists.graphql */ = {isa = PBXFileReference; lastKnownFileType = file.graphql; path = posted_playlists.graphql; sourceTree = "<group>"; };
		9FD5B7C100C34CDA16F2CF4B /* GraphQLCollectionEngine.swift */ = {isa = PBXFileReference; fileEncoding = 4; lastKnownFileType = sourcecode.swift; path = GraphQLCollectionEngine.swift; sourceTree = "<group>"; };
		9FD5B824BF38B02EA0216EBC /* PostedTracks.swift */ = {isa = PBXFileReference; fileEncoding = 4; lastKnownFileType = sourcecode.swift; path = PostedTracks.swift; sourceTree = "<group>"; };
		9FD5B850328403AC2EDBD52C /* Followers.swift */ = {isa = PBXFileReference; fileEncoding = 4; lastKnownFileType = sourcecode.swift; path = Followers.swift; sourceTree = "<group>"; };
		9FD5B866B412859B4898F4FB /* Environment.swift */ = {isa = PBXFileReference; fileEncoding = 4; lastKnownFileType = sourcecode.swift; path = Environment.swift; sourceTree = "<group>"; };
		9FD5B886228A4B7D57E98F0F /* profile.graphql */ = {isa = PBXFileReference; lastKnownFileType = file.graphql; path = profile.graphql; sourceTree = "<group>"; };
		9FD5B8881E7DC513B3283235 /* PostedTracksCoordinator.swift */ = {isa = PBXFileReference; fileEncoding = 4; lastKnownFileType = sourcecode.swift; path = PostedTracksCoordinator.swift; sourceTree = "<group>"; };
		9FD5B8C076C29E9E728666A2 /* RequestFactory.swift */ = {isa = PBXFileReference; fileEncoding = 4; lastKnownFileType = sourcecode.swift; path = RequestFactory.swift; sourceTree = "<group>"; };
		9FD5B8E16EC6DE899D7FCDB2 /* ApiController.swift */ = {isa = PBXFileReference; fileEncoding = 4; lastKnownFileType = sourcecode.swift; path = ApiController.swift; sourceTree = "<group>"; };
		9FD5B90249B8AB384813D210 /* TrackTableViewCell.xib */ = {isa = PBXFileReference; lastKnownFileType = file.xib; path = TrackTableViewCell.xib; sourceTree = "<group>"; };
		9FD5B968744EBBCE5592658D /* PostedPlaylists.swift */ = {isa = PBXFileReference; fileEncoding = 4; lastKnownFileType = sourcecode.swift; path = PostedPlaylists.swift; sourceTree = "<group>"; };
		9FD5B97432706B453A9347F5 /* CollectionTableViewController.swift */ = {isa = PBXFileReference; fileEncoding = 4; lastKnownFileType = sourcecode.swift; path = CollectionTableViewController.swift; sourceTree = "<group>"; };
		9FD5B9AD248F5B0C74C36DB8 /* AppCoordinatorSpec.swift */ = {isa = PBXFileReference; fileEncoding = 4; lastKnownFileType = sourcecode.swift; path = AppCoordinatorSpec.swift; sourceTree = "<group>"; };
		9FD5B9E803D7470D4C247932 /* PostedPlaylistsCollection.swift */ = {isa = PBXFileReference; fileEncoding = 4; lastKnownFileType = sourcecode.swift; path = PostedPlaylistsCollection.swift; sourceTree = "<group>"; };
		9FD5BAEC391926C87AC0F87D /* PlaylistTableViewController.swift */ = {isa = PBXFileReference; fileEncoding = 4; lastKnownFileType = sourcecode.swift; path = PlaylistTableViewController.swift; sourceTree = "<group>"; };
		9FD5BB363165D2CEB92A0F58 /* FollowingsCoordinator.swift */ = {isa = PBXFileReference; fileEncoding = 4; lastKnownFileType = sourcecode.swift; path = FollowingsCoordinator.swift; sourceTree = "<group>"; };
		9FD5BB62C1F1E6227F27FC33 /* GraphQLQuery.swift */ = {isa = PBXFileReference; fileEncoding = 4; lastKnownFileType = sourcecode.swift; path = GraphQLQuery.swift; sourceTree = "<group>"; };
		9FD5BB745E53893A350B407C /* GraphQLQueryResolver.swift */ = {isa = PBXFileReference; fileEncoding = 4; lastKnownFileType = sourcecode.swift; path = GraphQLQueryResolver.swift; sourceTree = "<group>"; };
		9FD5BBB23B5933758B42A250 /* playlist_tracks.graphql */ = {isa = PBXFileReference; lastKnownFileType = file.graphql; path = playlist_tracks.graphql; sourceTree = "<group>"; };
		9FD5BBCFE55151C7BF88CBAA /* ProfileCoordinatorSpec.swift */ = {isa = PBXFileReference; fileEncoding = 4; lastKnownFileType = sourcecode.swift; path = ProfileCoordinatorSpec.swift; sourceTree = "<group>"; };
		9FD5BC51656D98FBACB569A2 /* GraphQLQueryResolverSpec.swift */ = {isa = PBXFileReference; fileEncoding = 4; lastKnownFileType = sourcecode.swift; path = GraphQLQueryResolverSpec.swift; sourceTree = "<group>"; };
		9FD5BCBC52B01D81364FA1E4 /* PlaylistCoordinator.swift */ = {isa = PBXFileReference; fileEncoding = 4; lastKnownFileType = sourcecode.swift; path = PlaylistCoordinator.swift; sourceTree = "<group>"; };
		9FD5BD2661F65F03F3C3ED6E /* ProfileTableViewController.swift */ = {isa = PBXFileReference; fileEncoding = 4; lastKnownFileType = sourcecode.swift; path = ProfileTableViewController.swift; sourceTree = "<group>"; };
		9FD5BDFBA311E65A466E89CE /* main.swift */ = {isa = PBXFileReference; fileEncoding = 4; lastKnownFileType = sourcecode.swift; path = main.swift; sourceTree = "<group>"; };
		9FD5BE0C8961FC8151CFF6DA /* followers.graphql */ = {isa = PBXFileReference; lastKnownFileType = file.graphql; path = followers.graphql; sourceTree = "<group>"; };
		9FD5BE3C25B741AF3345FB88 /* Coordinator.swift */ = {isa = PBXFileReference; fileEncoding = 4; lastKnownFileType = sourcecode.swift; path = Coordinator.swift; sourceTree = "<group>"; };
		9FD5BE5E2A900A54A5A72576 /* ProfileCoordinator.swift */ = {isa = PBXFileReference; fileEncoding = 4; lastKnownFileType = sourcecode.swift; path = ProfileCoordinator.swift; sourceTree = "<group>"; };
		9FD5BE7DF139A759DB44ED0B /* RequestFactorySpec.swift */ = {isa = PBXFileReference; fileEncoding = 4; lastKnownFileType = sourcecode.swift; path = RequestFactorySpec.swift; sourceTree = "<group>"; };
		9FD5BE82C1FA8425F2F1A6E0 /* PostedTracksCollection.swift */ = {isa = PBXFileReference; fileEncoding = 4; lastKnownFileType = sourcecode.swift; path = PostedTracksCollection.swift; sourceTree = "<group>"; };
		9FD5BE88340FF02753D1F761 /* TestCoordinatorDelegate.swift */ = {isa = PBXFileReference; fileEncoding = 4; lastKnownFileType = sourcecode.swift; path = TestCoordinatorDelegate.swift; sourceTree = "<group>"; };
		9FD5BEB234A899CA5F830FB3 /* Playlist.swift */ = {isa = PBXFileReference; fileEncoding = 4; lastKnownFileType = sourcecode.swift; path = Playlist.swift; sourceTree = "<group>"; };
		9FD5BF32B8C67A75BD3DBB18 /* BigUserTableViewCell.xib */ = {isa = PBXFileReference; lastKnownFileType = file.xib; path = BigUserTableViewCell.xib; sourceTree = "<group>"; };
		9FD5BF88F4A2402972CF436F /* AppCoordinator.swift */ = {isa = PBXFileReference; fileEncoding = 4; lastKnownFileType = sourcecode.swift; path = AppCoordinator.swift; sourceTree = "<group>"; };
		9FD5BFB5E64E237287691A2A /* PlaylistTracks.swift */ = {isa = PBXFileReference; fileEncoding = 4; lastKnownFileType = sourcecode.swift; path = PlaylistTracks.swift; sourceTree = "<group>"; };
		9FD5BFFA3A55C22A79C4A9F8 /* LikedTracks.swift */ = {isa = PBXFileReference; fileEncoding = 4; lastKnownFileType = sourcecode.swift; path = LikedTracks.swift; sourceTree = "<group>"; };
		CADF51EA26512D32948B714D /* Pods_soundcloudql_swiftTests.framework */ = {isa = PBXFileReference; explicitFileType = wrapper.framework; includeInIndex = 0; path = Pods_soundcloudql_swiftTests.framework; sourceTree = BUILT_PRODUCTS_DIR; };
		EB3F85981C8B286200E5F0AC /* Environment.plist */ = {isa = PBXFileReference; fileEncoding = 4; lastKnownFileType = text.plist.xml; path = Environment.plist; sourceTree = "<group>"; };
		EB3F859A1C8B2A4900E5F0AC /* Environment.plist */ = {isa = PBXFileReference; fileEncoding = 4; lastKnownFileType = text.plist.xml; path = Environment.plist; sourceTree = "<group>"; };
		EB3F85AA1C958A0D00E5F0AC /* PlaylistTableViewCell.xib */ = {isa = PBXFileReference; fileEncoding = 4; lastKnownFileType = file.xib; path = PlaylistTableViewCell.xib; sourceTree = "<group>"; };
		EB3F85AC1C95A3C600E5F0AC /* UserTableViewCell.xib */ = {isa = PBXFileReference; fileEncoding = 4; lastKnownFileType = file.xib; path = UserTableViewCell.xib; sourceTree = "<group>"; };
		EB3F85AE1C95C79600E5F0AC /* BigPlaylistTableViewCell.xib */ = {isa = PBXFileReference; fileEncoding = 4; lastKnownFileType = file.xib; path = BigPlaylistTableViewCell.xib; sourceTree = "<group>"; };
		EB80F2D41C8B0C9A00E7C7DD /* soundcloudql-swift.app */ = {isa = PBXFileReference; explicitFileType = wrapper.application; includeInIndex = 0; path = "soundcloudql-swift.app"; sourceTree = BUILT_PRODUCTS_DIR; };
		EB80F2D91C8B0C9A00E7C7DD /* ViewController.swift */ = {isa = PBXFileReference; lastKnownFileType = sourcecode.swift; path = ViewController.swift; sourceTree = "<group>"; };
		EB80F2DE1C8B0C9A00E7C7DD /* Assets.xcassets */ = {isa = PBXFileReference; lastKnownFileType = folder.assetcatalog; path = Assets.xcassets; sourceTree = "<group>"; };
		EB80F2E11C8B0C9A00E7C7DD /* Base */ = {isa = PBXFileReference; lastKnownFileType = file.storyboard; name = Base; path = Base.lproj/LaunchScreen.storyboard; sourceTree = "<group>"; };
		EB80F2E31C8B0C9A00E7C7DD /* Info.plist */ = {isa = PBXFileReference; lastKnownFileType = text.plist.xml; path = Info.plist; sourceTree = "<group>"; };
		EB80F2E81C8B0C9A00E7C7DD /* soundcloudql-swiftTests.xctest */ = {isa = PBXFileReference; explicitFileType = wrapper.cfbundle; includeInIndex = 0; path = "soundcloudql-swiftTests.xctest"; sourceTree = BUILT_PRODUCTS_DIR; };
		EB80F2EE1C8B0C9A00E7C7DD /* Info.plist */ = {isa = PBXFileReference; lastKnownFileType = text.plist.xml; path = Info.plist; sourceTree = "<group>"; };
		EB80F2F31C8B0C9A00E7C7DD /* soundcloudql-swiftUITests.xctest */ = {isa = PBXFileReference; explicitFileType = wrapper.cfbundle; includeInIndex = 0; path = "soundcloudql-swiftUITests.xctest"; sourceTree = BUILT_PRODUCTS_DIR; };
		EB80F2F71C8B0C9A00E7C7DD /* soundcloudql_swiftUITests.swift */ = {isa = PBXFileReference; lastKnownFileType = sourcecode.swift; path = soundcloudql_swiftUITests.swift; sourceTree = "<group>"; };
		EB80F2F91C8B0C9A00E7C7DD /* Info.plist */ = {isa = PBXFileReference; lastKnownFileType = text.plist.xml; path = Info.plist; sourceTree = "<group>"; };
/* End PBXFileReference section */

/* Begin PBXFrameworksBuildPhase section */
		EB80F2D11C8B0C9A00E7C7DD /* Frameworks */ = {
			isa = PBXFrameworksBuildPhase;
			buildActionMask = 2147483647;
			files = (
				1699F33111882F0B0E8E1245 /* Pods_soundcloudql_swift.framework in Frameworks */,
			);
			runOnlyForDeploymentPostprocessing = 0;
		};
		EB80F2E51C8B0C9A00E7C7DD /* Frameworks */ = {
			isa = PBXFrameworksBuildPhase;
			buildActionMask = 2147483647;
			files = (
				62794A16C600772F8DDE5B14 /* Pods_soundcloudql_swiftTests.framework in Frameworks */,
			);
			runOnlyForDeploymentPostprocessing = 0;
		};
		EB80F2F01C8B0C9A00E7C7DD /* Frameworks */ = {
			isa = PBXFrameworksBuildPhase;
			buildActionMask = 2147483647;
			files = (
			);
			runOnlyForDeploymentPostprocessing = 0;
		};
/* End PBXFrameworksBuildPhase section */

/* Begin PBXGroup section */
		03E655BFD0A999E5DB27FC3E /* Frameworks */ = {
			isa = PBXGroup;
			children = (
				CADF51EA26512D32948B714D /* Pods_soundcloudql_swiftTests.framework */,
				455FA149825439F16E8DC64E /* Pods_soundcloudql_swift.framework */,
			);
			name = Frameworks;
			sourceTree = "<group>";
		};
		9FD5B07719E1F083752DE162 /* UI */ = {
			isa = PBXGroup;
			children = (
				9FD5B90249B8AB384813D210 /* TrackTableViewCell.xib */,
				9FD5B1400AEBE25BCB160CE8 /* TrackTableViewCell.swift */,
				9FD5B244B6EFA770A01358C9 /* PlaylistTableViewCell.swift */,
				EB3F85AA1C958A0D00E5F0AC /* PlaylistTableViewCell.xib */,
				9FD5B1FF9F8B82659625E86B /* RenderableCell.swift */,
				9FD5B1FF80C0AD9735D1733A /* UserTableViewCell.swift */,
				EB3F85AC1C95A3C600E5F0AC /* UserTableViewCell.xib */,
			);
			path = UI;
			sourceTree = "<group>";
		};
		9FD5B0BE3C8B1F68FAB74813 /* Api */ = {
			isa = PBXGroup;
			children = (
				9FD5B5A75F2423AAA98C6D70 /* EnvironmentSpec.swift */,
				EB3F85981C8B286200E5F0AC /* Environment.plist */,
				9FD5BE7DF139A759DB44ED0B /* RequestFactorySpec.swift */,
				9FD5B4D8FAB80E43B514CB43 /* query.graphql */,
				9FD5B519F741B2491EB205BC /* ApiControllerSpec.swift */,
			);
			path = Api;
			sourceTree = "<group>";
		};
		9FD5B22F03D62FC57940CD5B /* Profile */ = {
			isa = PBXGroup;
			children = (
				9FD5BE5E2A900A54A5A72576 /* ProfileCoordinator.swift */,
				9FD5BD2661F65F03F3C3ED6E /* ProfileTableViewController.swift */,
				9FD5B886228A4B7D57E98F0F /* profile.graphql */,
				9FD5B3AE31247892AB253C53 /* Profile.swift */,
				9FD5BF32B8C67A75BD3DBB18 /* BigUserTableViewCell.xib */,
				9FD5B42C28A3E00B03C4CA09 /* BigUserTableViewCell.swift */,
			);
			path = Profile;
			sourceTree = "<group>";
		};
		9FD5B3C47F27813E97F66F47 /* GraphQL */ = {
			isa = PBXGroup;
			children = (
				9FD5BC51656D98FBACB569A2 /* GraphQLQueryResolverSpec.swift */,
			);
			path = GraphQL;
			sourceTree = "<group>";
		};
		9FD5B6095CCCD9256FFDE5EC /* Coordinator */ = {
			isa = PBXGroup;
			children = (
				9FD5BE3C25B741AF3345FB88 /* Coordinator.swift */,
			);
			path = Coordinator;
			sourceTree = "<group>";
		};
		9FD5B639211BF8C595E69952 /* PostedPlaylists */ = {
			isa = PBXGroup;
			children = (
				9FD5B6AB34D4E855F11E8DCD /* posted_playlists.graphql */,
				9FD5B968744EBBCE5592658D /* PostedPlaylists.swift */,
				9FD5B037B999000E620B422D /* PostedPlaylistsCoordinator.swift */,
				9FD5B9E803D7470D4C247932 /* PostedPlaylistsCollection.swift */,
			);
			path = PostedPlaylists;
			sourceTree = "<group>";
		};
		9FD5B742BF8803316FF94D93 /* PostedTracks */ = {
			isa = PBXGroup;
			children = (
				9FD5B494E8F63986540DBAC0 /* posted_tracks.graphql */,
				9FD5B8881E7DC513B3283235 /* PostedTracksCoordinator.swift */,
				9FD5B824BF38B02EA0216EBC /* PostedTracks.swift */,
				9FD5BE82C1FA8425F2F1A6E0 /* PostedTracksCollection.swift */,
			);
			path = PostedTracks;
			sourceTree = "<group>";
		};
		9FD5B95A8A0AFE7B6AB6E553 /* Followers */ = {
			isa = PBXGroup;
			children = (
				9FD5BE0C8961FC8151CFF6DA /* followers.graphql */,
				9FD5B850328403AC2EDBD52C /* Followers.swift */,
				9FD5B18A15CD4D122A6037CB /* FollowersCollection.swift */,
				9FD5B0BB6AA8228A5A72C197 /* FollowersCoordinator.swift */,
			);
			path = Followers;
			sourceTree = "<group>";
		};
		9FD5BA9C71F8AA74C94D5BAC /* Profile */ = {
			isa = PBXGroup;
			children = (
				9FD5BBCFE55151C7BF88CBAA /* ProfileCoordinatorSpec.swift */,
			);
			path = Profile;
			sourceTree = "<group>";
		};
		9FD5BAD59B6C55D6B0D9126D /* Collection */ = {
			isa = PBXGroup;
			children = (
				9FD5B97432706B453A9347F5 /* CollectionTableViewController.swift */,
				9FD5B7C100C34CDA16F2CF4B /* GraphQLCollectionEngine.swift */,
			);
			path = Collection;
			sourceTree = "<group>";
		};
		9FD5BB158617189D6DF77CCB /* Coordinator */ = {
			isa = PBXGroup;
			children = (
				9FD5BE88340FF02753D1F761 /* TestCoordinatorDelegate.swift */,
			);
			path = Coordinator;
			sourceTree = "<group>";
		};
		9FD5BB6EE0376421BB1E5108 /* Playlist */ = {
			isa = PBXGroup;
			children = (
				9FD5B04616AB8D666FF17351 /* playlist.graphql */,
				9FD5BEB234A899CA5F830FB3 /* Playlist.swift */,
				9FD5BAEC391926C87AC0F87D /* PlaylistTableViewController.swift */,
				9FD5BCBC52B01D81364FA1E4 /* PlaylistCoordinator.swift */,
				9FD5B4CB82D58ACE21A10DA1 /* BigPlaylistTableViewCell.swift */,
				EB3F85AE1C95C79600E5F0AC /* BigPlaylistTableViewCell.xib */,
				9FD5BE01366CEA394EBBC79B /* PlaylistTracks */,
			);
			path = Playlist;
			sourceTree = "<group>";
		};
		9FD5BB71D5F2E25801E890A8 /* App */ = {
			isa = PBXGroup;
			children = (
				9FD5B606DD49330528B32028 /* AppDelegate.swift */,
				9FD5BF88F4A2402972CF436F /* AppCoordinator.swift */,
				9FD5BDFBA311E65A466E89CE /* main.swift */,
			);
			path = App;
			sourceTree = "<group>";
		};
		9FD5BC436821EE52E229288C /* GraphQL */ = {
			isa = PBXGroup;
			children = (
				9FD5BB62C1F1E6227F27FC33 /* GraphQLQuery.swift */,
				9FD5BB745E53893A350B407C /* GraphQLQueryResolver.swift */,
			);
			path = GraphQL;
			sourceTree = "<group>";
		};
		9FD5BC759A8A23A8AC936B92 /* App */ = {
			isa = PBXGroup;
			children = (
				9FD5B9AD248F5B0C74C36DB8 /* AppCoordinatorSpec.swift */,
			);
			path = App;
			sourceTree = "<group>";
		};
		9FD5BCB5FBE7EFA5B2135735 /* Api */ = {
			isa = PBXGroup;
			children = (
				9FD5B866B412859B4898F4FB /* Environment.swift */,
				EB3F859A1C8B2A4900E5F0AC /* Environment.plist */,
				9FD5B8C076C29E9E728666A2 /* RequestFactory.swift */,
				9FD5B8E16EC6DE899D7FCDB2 /* ApiController.swift */,
				9FD5B4948C44E331217AE910 /* NetworkActivity.swift */,
			);
			path = Api;
			sourceTree = "<group>";
		};
		9FD5BCB94CDF086A9E6D19E6 /* LikedTracks */ = {
			isa = PBXGroup;
			children = (
				9FD5B119ADD9DBD84EA56EE9 /* liked_tracks.graphql */,
				9FD5BFFA3A55C22A79C4A9F8 /* LikedTracks.swift */,
				9FD5B1A67F005EEB119C5A42 /* LikedTracksCoordinator.swift */,
				9FD5B41C969D5997521231F2 /* LikedTracksCollection.swift */,
			);
			path = LikedTracks;
			sourceTree = "<group>";
		};
		9FD5BE01366CEA394EBBC79B /* PlaylistTracks */ = {
			isa = PBXGroup;
			children = (
				9FD5BBB23B5933758B42A250 /* playlist_tracks.graphql */,
				9FD5BFB5E64E237287691A2A /* PlaylistTracks.swift */,
			);
			path = PlaylistTracks;
			sourceTree = "<group>";
		};
		9FD5BE874F09DABB41EE0E7D /* Followings */ = {
			isa = PBXGroup;
			children = (
				9FD5B3E429F44A27C448B00F /* followings.graphql */,
				9FD5B2F3E1896809C2241BC6 /* Followings.swift */,
				9FD5B452C29D7A30196E1381 /* FollowingsCollection.swift */,
				9FD5BB363165D2CEB92A0F58 /* FollowingsCoordinator.swift */,
			);
			path = Followings;
			sourceTree = "<group>";
		};
		EB80F2CB1C8B0C9A00E7C7DD = {
			isa = PBXGroup;
			children = (
				EB80F2D61C8B0C9A00E7C7DD /* soundcloudql-swift */,
				EB80F2EB1C8B0C9A00E7C7DD /* soundcloudql-swiftTests */,
				EB80F2F61C8B0C9A00E7C7DD /* soundcloudql-swiftUITests */,
				EB80F2D51C8B0C9A00E7C7DD /* Products */,
				F0FE3B971A69ECB7E53EB5A6 /* Pods */,
				03E655BFD0A999E5DB27FC3E /* Frameworks */,
			);
			sourceTree = "<group>";
		};
		EB80F2D51C8B0C9A00E7C7DD /* Products */ = {
			isa = PBXGroup;
			children = (
				EB80F2D41C8B0C9A00E7C7DD /* soundcloudql-swift.app */,
				EB80F2E81C8B0C9A00E7C7DD /* soundcloudql-swiftTests.xctest */,
				EB80F2F31C8B0C9A00E7C7DD /* soundcloudql-swiftUITests.xctest */,
			);
			name = Products;
			sourceTree = "<group>";
		};
		EB80F2D61C8B0C9A00E7C7DD /* soundcloudql-swift */ = {
			isa = PBXGroup;
			children = (
				EB80F2D91C8B0C9A00E7C7DD /* ViewController.swift */,
				EB80F2DE1C8B0C9A00E7C7DD /* Assets.xcassets */,
				EB80F2E01C8B0C9A00E7C7DD /* LaunchScreen.storyboard */,
				EB80F2E31C8B0C9A00E7C7DD /* Info.plist */,
				9FD5BB71D5F2E25801E890A8 /* App */,
				9FD5B22F03D62FC57940CD5B /* Profile */,
				9FD5B6095CCCD9256FFDE5EC /* Coordinator */,
				9FD5BCB5FBE7EFA5B2135735 /* Api */,
				9FD5BC436821EE52E229288C /* GraphQL */,
				9FD5B07719E1F083752DE162 /* UI */,
				9FD5B742BF8803316FF94D93 /* PostedTracks */,
				9FD5BCB94CDF086A9E6D19E6 /* LikedTracks */,
				9FD5BAD59B6C55D6B0D9126D /* Collection */,
				9FD5B639211BF8C595E69952 /* PostedPlaylists */,
				9FD5B95A8A0AFE7B6AB6E553 /* Followers */,
				9FD5BE874F09DABB41EE0E7D /* Followings */,
				9FD5BB6EE0376421BB1E5108 /* Playlist */,
			);
			path = "soundcloudql-swift";
			sourceTree = "<group>";
		};
		EB80F2EB1C8B0C9A00E7C7DD /* soundcloudql-swiftTests */ = {
			isa = PBXGroup;
			children = (
				EB80F2EE1C8B0C9A00E7C7DD /* Info.plist */,
				9FD5BC759A8A23A8AC936B92 /* App */,
				9FD5BA9C71F8AA74C94D5BAC /* Profile */,
				9FD5B0BE3C8B1F68FAB74813 /* Api */,
				9FD5B3C47F27813E97F66F47 /* GraphQL */,
				9FD5BB158617189D6DF77CCB /* Coordinator */,
			);
			path = "soundcloudql-swiftTests";
			sourceTree = "<group>";
		};
		EB80F2F61C8B0C9A00E7C7DD /* soundcloudql-swiftUITests */ = {
			isa = PBXGroup;
			children = (
				EB80F2F71C8B0C9A00E7C7DD /* soundcloudql_swiftUITests.swift */,
				EB80F2F91C8B0C9A00E7C7DD /* Info.plist */,
			);
			path = "soundcloudql-swiftUITests";
			sourceTree = "<group>";
		};
		F0FE3B971A69ECB7E53EB5A6 /* Pods */ = {
			isa = PBXGroup;
			children = (
				0992327D8E584DDC0CE261F2 /* Pods-soundcloudql-swiftTests.debug.xcconfig */,
				3470501CC60AE2E7FE80DF6F /* Pods-soundcloudql-swiftTests.release.xcconfig */,
				59C63ADEBD34683D91A58BE3 /* Pods-soundcloudql-swift.debug.xcconfig */,
				87D2F3052DEA78C166E6DC9A /* Pods-soundcloudql-swift.release.xcconfig */,
			);
			name = Pods;
			sourceTree = "<group>";
		};
/* End PBXGroup section */

/* Begin PBXNativeTarget section */
		EB80F2D31C8B0C9A00E7C7DD /* soundcloudql-swift */ = {
			isa = PBXNativeTarget;
			buildConfigurationList = EB80F2FC1C8B0C9A00E7C7DD /* Build configuration list for PBXNativeTarget "soundcloudql-swift" */;
			buildPhases = (
				9E3153F2D02D2261F12C21BF /* [CP] Check Pods Manifest.lock */,
				EB80F2D01C8B0C9A00E7C7DD /* Sources */,
				EB80F2D11C8B0C9A00E7C7DD /* Frameworks */,
				EB80F2D21C8B0C9A00E7C7DD /* Resources */,
				A5ECC08373EBFD0FA1014115 /* [CP] Embed Pods Frameworks */,
				1D3AD58B7426E94BB2206A34 /* [CP] Copy Pods Resources */,
			);
			buildRules = (
			);
			dependencies = (
			);
			name = "soundcloudql-swift";
			productName = "soundcloudql-swift";
			productReference = EB80F2D41C8B0C9A00E7C7DD /* soundcloudql-swift.app */;
			productType = "com.apple.product-type.application";
		};
		EB80F2E71C8B0C9A00E7C7DD /* soundcloudql-swiftTests */ = {
			isa = PBXNativeTarget;
			buildConfigurationList = EB80F2FF1C8B0C9A00E7C7DD /* Build configuration list for PBXNativeTarget "soundcloudql-swiftTests" */;
			buildPhases = (
				A8D3AD3DE4651F8C2FD1B94D /* [CP] Check Pods Manifest.lock */,
				EB80F2E41C8B0C9A00E7C7DD /* Sources */,
				EB80F2E51C8B0C9A00E7C7DD /* Frameworks */,
				EB80F2E61C8B0C9A00E7C7DD /* Resources */,
				3FA0E96A628E2D953801E9DC /* [CP] Embed Pods Frameworks */,
				E33C43C97229043B538E5974 /* [CP] Copy Pods Resources */,
			);
			buildRules = (
			);
			dependencies = (
				EB80F2EA1C8B0C9A00E7C7DD /* PBXTargetDependency */,
			);
			name = "soundcloudql-swiftTests";
			productName = "soundcloudql-swiftTests";
			productReference = EB80F2E81C8B0C9A00E7C7DD /* soundcloudql-swiftTests.xctest */;
			productType = "com.apple.product-type.bundle.unit-test";
		};
		EB80F2F21C8B0C9A00E7C7DD /* soundcloudql-swiftUITests */ = {
			isa = PBXNativeTarget;
			buildConfigurationList = EB80F3021C8B0C9A00E7C7DD /* Build configuration list for PBXNativeTarget "soundcloudql-swiftUITests" */;
			buildPhases = (
				EB80F2EF1C8B0C9A00E7C7DD /* Sources */,
				EB80F2F01C8B0C9A00E7C7DD /* Frameworks */,
				EB80F2F11C8B0C9A00E7C7DD /* Resources */,
			);
			buildRules = (
			);
			dependencies = (
				EB80F2F51C8B0C9A00E7C7DD /* PBXTargetDependency */,
			);
			name = "soundcloudql-swiftUITests";
			productName = "soundcloudql-swiftUITests";
			productReference = EB80F2F31C8B0C9A00E7C7DD /* soundcloudql-swiftUITests.xctest */;
			productType = "com.apple.product-type.bundle.ui-testing";
		};
/* End PBXNativeTarget section */

/* Begin PBXProject section */
		EB80F2CC1C8B0C9A00E7C7DD /* Project object */ = {
			isa = PBXProject;
			attributes = {
				LastSwiftUpdateCheck = 0720;
				LastUpgradeCheck = 0810;
				ORGANIZATIONNAME = "Vincent Garrigues";
				TargetAttributes = {
					EB80F2D31C8B0C9A00E7C7DD = {
						CreatedOnToolsVersion = 7.2.1;
						DevelopmentTeam = X73EL3QFZB;
						LastSwiftMigration = 0810;
					};
					EB80F2E71C8B0C9A00E7C7DD = {
						CreatedOnToolsVersion = 7.2.1;
						LastSwiftMigration = 0810;
						TestTargetID = EB80F2D31C8B0C9A00E7C7DD;
					};
					EB80F2F21C8B0C9A00E7C7DD = {
						CreatedOnToolsVersion = 7.2.1;
						LastSwiftMigration = 0810;
						TestTargetID = EB80F2D31C8B0C9A00E7C7DD;
					};
				};
			};
			buildConfigurationList = EB80F2CF1C8B0C9A00E7C7DD /* Build configuration list for PBXProject "soundcloudql-swift" */;
			compatibilityVersion = "Xcode 3.2";
			developmentRegion = English;
			hasScannedForEncodings = 0;
			knownRegions = (
				en,
				Base,
			);
			mainGroup = EB80F2CB1C8B0C9A00E7C7DD;
			productRefGroup = EB80F2D51C8B0C9A00E7C7DD /* Products */;
			projectDirPath = "";
			projectRoot = "";
			targets = (
				EB80F2D31C8B0C9A00E7C7DD /* soundcloudql-swift */,
				EB80F2E71C8B0C9A00E7C7DD /* soundcloudql-swiftTests */,
				EB80F2F21C8B0C9A00E7C7DD /* soundcloudql-swiftUITests */,
			);
		};
/* End PBXProject section */

/* Begin PBXResourcesBuildPhase section */
		EB80F2D21C8B0C9A00E7C7DD /* Resources */ = {
			isa = PBXResourcesBuildPhase;
			buildActionMask = 2147483647;
			files = (
				EB80F2E21C8B0C9A00E7C7DD /* LaunchScreen.storyboard in Resources */,
				EB3F85AF1C95C79600E5F0AC /* BigPlaylistTableViewCell.xib in Resources */,
				EB3F859B1C8B2A4900E5F0AC /* Environment.plist in Resources */,
				EB3F85AB1C958A0D00E5F0AC /* PlaylistTableViewCell.xib in Resources */,
				EB80F2DF1C8B0C9A00E7C7DD /* Assets.xcassets in Resources */,
				9FD5BAB1B7876ABEDD7A8230 /* profile.graphql in Resources */,
				9FD5B697BA2E5647E9E8C365 /* BigUserTableViewCell.xib in Resources */,
				9FD5B67E9D5346E39F046A8A /* posted_tracks.graphql in Resources */,
				9FD5B6341009A373E6F8A5F2 /* TrackTableViewCell.xib in Resources */,
				9FD5B028D692B2861D847564 /* liked_tracks.graphql in Resources */,
				9FD5B23743A983C2882BCB9E /* posted_playlists.graphql in Resources */,
				EB3F85AD1C95A3C600E5F0AC /* UserTableViewCell.xib in Resources */,
				9FD5BFB2801109AAD95512DE /* followers.graphql in Resources */,
				9FD5BC47B52D3F42EFC37E19 /* followings.graphql in Resources */,
				9FD5B5D8CA5369BF1C8A3AD8 /* playlist.graphql in Resources */,
				9FD5BC3D1A5265B9688408D1 /* playlist_tracks.graphql in Resources */,
			);
			runOnlyForDeploymentPostprocessing = 0;
		};
		EB80F2E61C8B0C9A00E7C7DD /* Resources */ = {
			isa = PBXResourcesBuildPhase;
			buildActionMask = 2147483647;
			files = (
				EB3F85991C8B286200E5F0AC /* Environment.plist in Resources */,
				9FD5BAE314CB8BCC5D70445E /* query.graphql in Resources */,
			);
			runOnlyForDeploymentPostprocessing = 0;
		};
		EB80F2F11C8B0C9A00E7C7DD /* Resources */ = {
			isa = PBXResourcesBuildPhase;
			buildActionMask = 2147483647;
			files = (
			);
			runOnlyForDeploymentPostprocessing = 0;
		};
/* End PBXResourcesBuildPhase section */

/* Begin PBXShellScriptBuildPhase section */
		1D3AD58B7426E94BB2206A34 /* [CP] Copy Pods Resources */ = {
			isa = PBXShellScriptBuildPhase;
			buildActionMask = 2147483647;
			files = (
			);
			inputPaths = (
			);
			name = "[CP] Copy Pods Resources";
			outputPaths = (
			);
			runOnlyForDeploymentPostprocessing = 0;
			shellPath = /bin/sh;
			shellScript = "\"${SRCROOT}/Pods/Target Support Files/Pods-soundcloudql-swift/Pods-soundcloudql-swift-resources.sh\"\n";
			showEnvVarsInLog = 0;
		};
		3FA0E96A628E2D953801E9DC /* [CP] Embed Pods Frameworks */ = {
			isa = PBXShellScriptBuildPhase;
			buildActionMask = 2147483647;
			files = (
			);
			inputPaths = (
			);
			name = "[CP] Embed Pods Frameworks";
			outputPaths = (
			);
			runOnlyForDeploymentPostprocessing = 0;
			shellPath = /bin/sh;
			shellScript = "\"${SRCROOT}/Pods/Target Support Files/Pods-soundcloudql-swiftTests/Pods-soundcloudql-swiftTests-frameworks.sh\"\n";
			showEnvVarsInLog = 0;
		};
		9E3153F2D02D2261F12C21BF /* [CP] Check Pods Manifest.lock */ = {
			isa = PBXShellScriptBuildPhase;
			buildActionMask = 2147483647;
			files = (
			);
			inputPaths = (
			);
			name = "[CP] Check Pods Manifest.lock";
			outputPaths = (
			);
			runOnlyForDeploymentPostprocessing = 0;
			shellPath = /bin/sh;
			shellScript = "diff \"${PODS_ROOT}/../Podfile.lock\" \"${PODS_ROOT}/Manifest.lock\" > /dev/null\nif [ $? != 0 ] ; then\n    # print error to STDERR\n    echo \"error: The sandbox is not in sync with the Podfile.lock. Run 'pod install' or update your CocoaPods installation.\" >&2\n    exit 1\nfi\n";
			showEnvVarsInLog = 0;
		};
		A5ECC08373EBFD0FA1014115 /* [CP] Embed Pods Frameworks */ = {
			isa = PBXShellScriptBuildPhase;
			buildActionMask = 2147483647;
			files = (
			);
			inputPaths = (
			);
			name = "[CP] Embed Pods Frameworks";
			outputPaths = (
			);
			runOnlyForDeploymentPostprocessing = 0;
			shellPath = /bin/sh;
			shellScript = "\"${SRCROOT}/Pods/Target Support Files/Pods-soundcloudql-swift/Pods-soundcloudql-swift-frameworks.sh\"\n";
			showEnvVarsInLog = 0;
		};
		A8D3AD3DE4651F8C2FD1B94D /* [CP] Check Pods Manifest.lock */ = {
			isa = PBXShellScriptBuildPhase;
			buildActionMask = 2147483647;
			files = (
			);
			inputPaths = (
			);
			name = "[CP] Check Pods Manifest.lock";
			outputPaths = (
			);
			runOnlyForDeploymentPostprocessing = 0;
			shellPath = /bin/sh;
			shellScript = "diff \"${PODS_ROOT}/../Podfile.lock\" \"${PODS_ROOT}/Manifest.lock\" > /dev/null\nif [ $? != 0 ] ; then\n    # print error to STDERR\n    echo \"error: The sandbox is not in sync with the Podfile.lock. Run 'pod install' or update your CocoaPods installation.\" >&2\n    exit 1\nfi\n";
			showEnvVarsInLog = 0;
		};
		E33C43C97229043B538E5974 /* [CP] Copy Pods Resources */ = {
			isa = PBXShellScriptBuildPhase;
			buildActionMask = 2147483647;
			files = (
			);
			inputPaths = (
			);
			name = "[CP] Copy Pods Resources";
			outputPaths = (
			);
			runOnlyForDeploymentPostprocessing = 0;
			shellPath = /bin/sh;
			shellScript = "\"${SRCROOT}/Pods/Target Support Files/Pods-soundcloudql-swiftTests/Pods-soundcloudql-swiftTests-resources.sh\"\n";
			showEnvVarsInLog = 0;
		};
/* End PBXShellScriptBuildPhase section */

/* Begin PBXSourcesBuildPhase section */
		EB80F2D01C8B0C9A00E7C7DD /* Sources */ = {
			isa = PBXSourcesBuildPhase;
			buildActionMask = 2147483647;
			files = (
				EB80F2DA1C8B0C9A00E7C7DD /* ViewController.swift in Sources */,
				9FD5B88D83DCF4CFD2F2F9FF /* AppDelegate.swift in Sources */,
				9FD5B4438B9F351BB6E96B87 /* AppCoordinator.swift in Sources */,
				9FD5BFD51D338175F26C1759 /* ProfileCoordinator.swift in Sources */,
				9FD5B7FAFF7F517AF9D0ED36 /* Coordinator.swift in Sources */,
				9FD5B2353E88AB4EBB99D5CF /* ProfileTableViewController.swift in Sources */,
				9FD5B63CDBF34038A333E960 /* Environment.swift in Sources */,
				9FD5B73BA27FD28B74A4711D /* RequestFactory.swift in Sources */,
				9FD5B90F4BB1F9AD12DB2BC8 /* ApiController.swift in Sources */,
				9FD5BE3581680A4763BA031C /* main.swift in Sources */,
				9FD5BE0FE859E50B351E04BF /* GraphQLQuery.swift in Sources */,
				9FD5B46DBD321CD738C7A847 /* Profile.swift in Sources */,
				9FD5BF269351C035C551B79C /* GraphQLQueryResolver.swift in Sources */,
				9FD5B6AABD481BB31AF3A5AE /* BigUserTableViewCell.swift in Sources */,
				9FD5B91430F5EDD8B490E4E3 /* PostedTracksCoordinator.swift in Sources */,
				9FD5B27E45BCF446B7B16168 /* PostedTracks.swift in Sources */,
				9FD5B762DDC5E1262D9CFB53 /* TrackTableViewCell.swift in Sources */,
				9FD5BEFD9F7A19C7381A9AEE /* LikedTracks.swift in Sources */,
				9FD5BEC86CCCA1A3A1937479 /* CollectionTableViewController.swift in Sources */,
				9FD5B55C7AC0B6D3CE7E5916 /* LikedTracksCoordinator.swift in Sources */,
				9FD5B0E5B751E7274F07F6BF /* PlaylistTableViewCell.swift in Sources */,
				9FD5B8928E61D7B402FA33F8 /* GraphQLCollectionEngine.swift in Sources */,
				9FD5BCC2536F14FF08372CE6 /* RenderableCell.swift in Sources */,
				9FD5B6B131C9DA6164CEDE00 /* PostedPlaylists.swift in Sources */,
				9FD5B379CD1C6D47B36265A4 /* PostedPlaylistsCoordinator.swift in Sources */,
				9FD5BB309768A34F7D46E566 /* LikedTracksCollection.swift in Sources */,
				9FD5BB8ECD0AF2BA3621CA14 /* PostedPlaylistsCollection.swift in Sources */,
				9FD5B2402535A88EE4CD3106 /* PostedTracksCollection.swift in Sources */,
				9FD5B2D3601BF4705BBC1AF1 /* UserTableViewCell.swift in Sources */,
				9FD5B9E7EC9CED3F425FAA82 /* Followers.swift in Sources */,
				9FD5B0138D82E1CDA0E70AC8 /* FollowersCollection.swift in Sources */,
				9FD5B6048EE8ED1E630F6AA5 /* FollowersCoordinator.swift in Sources */,
				9FD5BFE25864B3CCC7FC1E5F /* Followings.swift in Sources */,
				9FD5BE2AB00542E411ADF947 /* FollowingsCollection.swift in Sources */,
				9FD5B634990A7DC8F6507924 /* FollowingsCoordinator.swift in Sources */,
				9FD5B637E1F3C61A7F417479 /* NetworkActivity.swift in Sources */,
				9FD5BB0202A7A3C8CE55AA95 /* Playlist.swift in Sources */,
				9FD5BDFE780281AC01C0DB12 /* PlaylistTableViewController.swift in Sources */,
				9FD5BCFF29D06FBC04FCD7D1 /* PlaylistCoordinator.swift in Sources */,
				9FD5B8F88409C0A7CADAE3C9 /* BigPlaylistTableViewCell.swift in Sources */,
				9FD5B8511AC1AA30DFA2BF93 /* PlaylistTracks.swift in Sources */,
			);
			runOnlyForDeploymentPostprocessing = 0;
		};
		EB80F2E41C8B0C9A00E7C7DD /* Sources */ = {
			isa = PBXSourcesBuildPhase;
			buildActionMask = 2147483647;
			files = (
				9FD5BD54A5F952F3787E150B /* AppCoordinatorSpec.swift in Sources */,
				9FD5B868CB29D6D3823851A7 /* ProfileCoordinatorSpec.swift in Sources */,
				9FD5BB4928ABB8E8F46994F1 /* EnvironmentSpec.swift in Sources */,
				9FD5BD542F48AA674F5A0D1C /* RequestFactorySpec.swift in Sources */,
				9FD5BDBCA78F8CF6F286A8F9 /* ApiControllerSpec.swift in Sources */,
				9FD5BD98E55316F85A9BFD63 /* GraphQLQueryResolverSpec.swift in Sources */,
				9FD5B483F3494F7A09E2DAEF /* TestCoordinatorDelegate.swift in Sources */,
			);
			runOnlyForDeploymentPostprocessing = 0;
		};
		EB80F2EF1C8B0C9A00E7C7DD /* Sources */ = {
			isa = PBXSourcesBuildPhase;
			buildActionMask = 2147483647;
			files = (
				EB80F2F81C8B0C9A00E7C7DD /* soundcloudql_swiftUITests.swift in Sources */,
			);
			runOnlyForDeploymentPostprocessing = 0;
		};
/* End PBXSourcesBuildPhase section */

/* Begin PBXTargetDependency section */
		EB80F2EA1C8B0C9A00E7C7DD /* PBXTargetDependency */ = {
			isa = PBXTargetDependency;
			target = EB80F2D31C8B0C9A00E7C7DD /* soundcloudql-swift */;
			targetProxy = EB80F2E91C8B0C9A00E7C7DD /* PBXContainerItemProxy */;
		};
		EB80F2F51C8B0C9A00E7C7DD /* PBXTargetDependency */ = {
			isa = PBXTargetDependency;
			target = EB80F2D31C8B0C9A00E7C7DD /* soundcloudql-swift */;
			targetProxy = EB80F2F41C8B0C9A00E7C7DD /* PBXContainerItemProxy */;
		};
/* End PBXTargetDependency section */

/* Begin PBXVariantGroup section */
		EB80F2E01C8B0C9A00E7C7DD /* LaunchScreen.storyboard */ = {
			isa = PBXVariantGroup;
			children = (
				EB80F2E11C8B0C9A00E7C7DD /* Base */,
			);
			name = LaunchScreen.storyboard;
			sourceTree = "<group>";
		};
/* End PBXVariantGroup section */

/* Begin XCBuildConfiguration section */
		EB80F2FA1C8B0C9A00E7C7DD /* Debug */ = {
			isa = XCBuildConfiguration;
			buildSettings = {
				ALWAYS_SEARCH_USER_PATHS = NO;
				CLANG_CXX_LANGUAGE_STANDARD = "gnu++0x";
				CLANG_CXX_LIBRARY = "libc++";
				CLANG_ENABLE_MODULES = YES;
				CLANG_ENABLE_OBJC_ARC = YES;
				CLANG_WARN_BOOL_CONVERSION = YES;
				CLANG_WARN_CONSTANT_CONVERSION = YES;
				CLANG_WARN_DIRECT_OBJC_ISA_USAGE = YES_ERROR;
				CLANG_WARN_EMPTY_BODY = YES;
				CLANG_WARN_ENUM_CONVERSION = YES;
				CLANG_WARN_INFINITE_RECURSION = YES;
				CLANG_WARN_INT_CONVERSION = YES;
				CLANG_WARN_OBJC_ROOT_CLASS = YES_ERROR;
				CLANG_WARN_SUSPICIOUS_MOVE = YES;
				CLANG_WARN_UNREACHABLE_CODE = YES;
				CLANG_WARN__DUPLICATE_METHOD_MATCH = YES;
				"CODE_SIGN_IDENTITY[sdk=iphoneos*]" = "iPhone Developer";
				COPY_PHASE_STRIP = NO;
				DEBUG_INFORMATION_FORMAT = dwarf;
				ENABLE_STRICT_OBJC_MSGSEND = YES;
				ENABLE_TESTABILITY = YES;
				GCC_C_LANGUAGE_STANDARD = gnu99;
				GCC_DYNAMIC_NO_PIC = NO;
				GCC_NO_COMMON_BLOCKS = YES;
				GCC_OPTIMIZATION_LEVEL = 0;
				GCC_PREPROCESSOR_DEFINITIONS = (
					"DEBUG=1",
					"$(inherited)",
				);
				GCC_WARN_64_TO_32_BIT_CONVERSION = YES;
				GCC_WARN_ABOUT_RETURN_TYPE = YES_ERROR;
				GCC_WARN_UNDECLARED_SELECTOR = YES;
				GCC_WARN_UNINITIALIZED_AUTOS = YES_AGGRESSIVE;
				GCC_WARN_UNUSED_FUNCTION = YES;
				GCC_WARN_UNUSED_VARIABLE = YES;
				IPHONEOS_DEPLOYMENT_TARGET = 10.0;
				MTL_ENABLE_DEBUG_INFO = YES;
				ONLY_ACTIVE_ARCH = YES;
				SDKROOT = iphoneos;
				SWIFT_OPTIMIZATION_LEVEL = "-Onone";
			};
			name = Debug;
		};
		EB80F2FB1C8B0C9A00E7C7DD /* Release */ = {
			isa = XCBuildConfiguration;
			buildSettings = {
				ALWAYS_SEARCH_USER_PATHS = NO;
				CLANG_CXX_LANGUAGE_STANDARD = "gnu++0x";
				CLANG_CXX_LIBRARY = "libc++";
				CLANG_ENABLE_MODULES = YES;
				CLANG_ENABLE_OBJC_ARC = YES;
				CLANG_WARN_BOOL_CONVERSION = YES;
				CLANG_WARN_CONSTANT_CONVERSION = YES;
				CLANG_WARN_DIRECT_OBJC_ISA_USAGE = YES_ERROR;
				CLANG_WARN_EMPTY_BODY = YES;
				CLANG_WARN_ENUM_CONVERSION = YES;
				CLANG_WARN_INFINITE_RECURSION = YES;
				CLANG_WARN_INT_CONVERSION = YES;
				CLANG_WARN_OBJC_ROOT_CLASS = YES_ERROR;
				CLANG_WARN_SUSPICIOUS_MOVE = YES;
				CLANG_WARN_UNREACHABLE_CODE = YES;
				CLANG_WARN__DUPLICATE_METHOD_MATCH = YES;
				"CODE_SIGN_IDENTITY[sdk=iphoneos*]" = "iPhone Developer";
				COPY_PHASE_STRIP = NO;
				DEBUG_INFORMATION_FORMAT = "dwarf-with-dsym";
				ENABLE_NS_ASSERTIONS = NO;
				ENABLE_STRICT_OBJC_MSGSEND = YES;
				GCC_C_LANGUAGE_STANDARD = gnu99;
				GCC_NO_COMMON_BLOCKS = YES;
				GCC_WARN_64_TO_32_BIT_CONVERSION = YES;
				GCC_WARN_ABOUT_RETURN_TYPE = YES_ERROR;
				GCC_WARN_UNDECLARED_SELECTOR = YES;
				GCC_WARN_UNINITIALIZED_AUTOS = YES_AGGRESSIVE;
				GCC_WARN_UNUSED_FUNCTION = YES;
				GCC_WARN_UNUSED_VARIABLE = YES;
				IPHONEOS_DEPLOYMENT_TARGET = 10.0;
				MTL_ENABLE_DEBUG_INFO = NO;
				SDKROOT = iphoneos;
				SWIFT_OPTIMIZATION_LEVEL = "-Owholemodule";
				VALIDATE_PRODUCT = YES;
			};
			name = Release;
		};
		EB80F2FD1C8B0C9A00E7C7DD /* Debug */ = {
			isa = XCBuildConfiguration;
			baseConfigurationReference = 59C63ADEBD34683D91A58BE3 /* Pods-soundcloudql-swift.debug.xcconfig */;
			buildSettings = {
				ASSETCATALOG_COMPILER_APPICON_NAME = AppIcon;
				CODE_SIGN_IDENTITY = "iPhone Developer";
				"CODE_SIGN_IDENTITY[sdk=iphoneos*]" = "iPhone Developer";
				INFOPLIST_FILE = "soundcloudql-swift/Info.plist";
				LD_RUNPATH_SEARCH_PATHS = "$(inherited) @executable_path/Frameworks";
				PRODUCT_BUNDLE_IDENTIFIER = "io.garriguv.soundcloudql-swift";
				PRODUCT_NAME = "$(TARGET_NAME)";
				PROVISIONING_PROFILE = "";
				SWIFT_VERSION = 3.0;
			};
			name = Debug;
		};
		EB80F2FE1C8B0C9A00E7C7DD /* Release */ = {
			isa = XCBuildConfiguration;
			baseConfigurationReference = 87D2F3052DEA78C166E6DC9A /* Pods-soundcloudql-swift.release.xcconfig */;
			buildSettings = {
				ASSETCATALOG_COMPILER_APPICON_NAME = AppIcon;
				CODE_SIGN_IDENTITY = "iPhone Developer";
				"CODE_SIGN_IDENTITY[sdk=iphoneos*]" = "iPhone Developer";
				INFOPLIST_FILE = "soundcloudql-swift/Info.plist";
				LD_RUNPATH_SEARCH_PATHS = "$(inherited) @executable_path/Frameworks";
				PRODUCT_BUNDLE_IDENTIFIER = "io.garriguv.soundcloudql-swift";
				PRODUCT_NAME = "$(TARGET_NAME)";
				PROVISIONING_PROFILE = "";
				SWIFT_VERSION = 3.0;
			};
			name = Release;
		};
		EB80F3001C8B0C9A00E7C7DD /* Debug */ = {
			isa = XCBuildConfiguration;
			baseConfigurationReference = 0992327D8E584DDC0CE261F2 /* Pods-soundcloudql-swiftTests.debug.xcconfig */;
			buildSettings = {
				BUNDLE_LOADER = "$(TEST_HOST)";
				INFOPLIST_FILE = "soundcloudql-swiftTests/Info.plist";
				LD_RUNPATH_SEARCH_PATHS = "$(inherited) @executable_path/Frameworks @loader_path/Frameworks";
				PRODUCT_BUNDLE_IDENTIFIER = "io.garriguv.soundcloudql-swiftTests";
				PRODUCT_NAME = "$(TARGET_NAME)";
				SWIFT_VERSION = 3.0;
				TEST_HOST = "$(BUILT_PRODUCTS_DIR)/soundcloudql-swift.app/soundcloudql-swift";
			};
			name = Debug;
		};
		EB80F3011C8B0C9A00E7C7DD /* Release */ = {
			isa = XCBuildConfiguration;
			baseConfigurationReference = 3470501CC60AE2E7FE80DF6F /* Pods-soundcloudql-swiftTests.release.xcconfig */;
			buildSettings = {
				BUNDLE_LOADER = "$(TEST_HOST)";
				INFOPLIST_FILE = "soundcloudql-swiftTests/Info.plist";
				LD_RUNPATH_SEARCH_PATHS = "$(inherited) @executable_path/Frameworks @loader_path/Frameworks";
				PRODUCT_BUNDLE_IDENTIFIER = "io.garriguv.soundcloudql-swiftTests";
				PRODUCT_NAME = "$(TARGET_NAME)";
				SWIFT_VERSION = 3.0;
				TEST_HOST = "$(BUILT_PRODUCTS_DIR)/soundcloudql-swift.app/soundcloudql-swift";
			};
			name = Release;
		};
		EB80F3031C8B0C9A00E7C7DD /* Debug */ = {
			isa = XCBuildConfiguration;
			buildSettings = {
				INFOPLIST_FILE = "soundcloudql-swiftUITests/Info.plist";
				LD_RUNPATH_SEARCH_PATHS = "$(inherited) @executable_path/Frameworks @loader_path/Frameworks";
				PRODUCT_BUNDLE_IDENTIFIER = "io.garriguv.soundcloudql-swiftUITests";
				PRODUCT_NAME = "$(TARGET_NAME)";
				SWIFT_VERSION = 3.0;
				TEST_TARGET_NAME = "soundcloudql-swift";
				USES_XCTRUNNER = YES;
			};
			name = Debug;
		};
		EB80F3041C8B0C9A00E7C7DD /* Release */ = {
			isa = XCBuildConfiguration;
			buildSettings = {
				INFOPLIST_FILE = "soundcloudql-swiftUITests/Info.plist";
				LD_RUNPATH_SEARCH_PATHS = "$(inherited) @executable_path/Frameworks @loader_path/Frameworks";
				PRODUCT_BUNDLE_IDENTIFIER = "io.garriguv.soundcloudql-swiftUITests";
				PRODUCT_NAME = "$(TARGET_NAME)";
				SWIFT_VERSION = 3.0;
				TEST_TARGET_NAME = "soundcloudql-swift";
				USES_XCTRUNNER = YES;
			};
			name = Release;
		};
/* End XCBuildConfiguration section */

/* Begin XCConfigurationList section */
		EB80F2CF1C8B0C9A00E7C7DD /* Build configuration list for PBXProject "soundcloudql-swift" */ = {
			isa = XCConfigurationList;
			buildConfigurations = (
				EB80F2FA1C8B0C9A00E7C7DD /* Debug */,
				EB80F2FB1C8B0C9A00E7C7DD /* Release */,
			);
			defaultConfigurationIsVisible = 0;
			defaultConfigurationName = Release;
		};
		EB80F2FC1C8B0C9A00E7C7DD /* Build configuration list for PBXNativeTarget "soundcloudql-swift" */ = {
			isa = XCConfigurationList;
			buildConfigurations = (
				EB80F2FD1C8B0C9A00E7C7DD /* Debug */,
				EB80F2FE1C8B0C9A00E7C7DD /* Release */,
			);
			defaultConfigurationIsVisible = 0;
			defaultConfigurationName = Release;
		};
		EB80F2FF1C8B0C9A00E7C7DD /* Build configuration list for PBXNativeTarget "soundcloudql-swiftTests" */ = {
			isa = XCConfigurationList;
			buildConfigurations = (
				EB80F3001C8B0C9A00E7C7DD /* Debug */,
				EB80F3011C8B0C9A00E7C7DD /* Release */,
			);
			defaultConfigurationIsVisible = 0;
			defaultConfigurationName = Release;
		};
		EB80F3021C8B0C9A00E7C7DD /* Build configuration list for PBXNativeTarget "soundcloudql-swiftUITests" */ = {
			isa = XCConfigurationList;
			buildConfigurations = (
				EB80F3031C8B0C9A00E7C7DD /* Debug */,
				EB80F3041C8B0C9A00E7C7DD /* Release */,
			);
			defaultConfigurationIsVisible = 0;
			defaultConfigurationName = Release;
		};
/* End XCConfigurationList section */
	};
	rootObject = EB80F2CC1C8B0C9A00E7C7DD /* Project object */;
}
